
Microsoft Visual Studio Solution File, Format Version 12.00
Project("{FAE04EC0-301F-11D3-BF4B-00C04F79EFBC}") = "Pomnesh.Domain", "Pomnesh.Domain\Pomnesh.Domain.csproj", "{57E957FE-7208-404E-A54A-BCF81ECFC1C2}"
EndProject
Project("{FAE04EC0-301F-11D3-BF4B-00C04F79EFBC}") = "Pomnesh.Infrastructure", "Pomnesh.Infrastructure\Pomnesh.Infrastructure.csproj", "{BE42FE62-CA36-4CA7-B9D9-4BE0ADF355A1}"
EndProject
Global
	GlobalSection(SolutionConfigurationPlatforms) = preSolution
		Debug|Any CPU = Debug|Any CPU
		Release|Any CPU = Release|Any CPU
	EndGlobalSection
	GlobalSection(ProjectConfigurationPlatforms) = postSolution
		{57E957FE-7208-404E-A54A-BCF81ECFC1C2}.Debug|Any CPU.ActiveCfg = Debug|Any CPU
		{57E957FE-7208-404E-A54A-BCF81ECFC1C2}.Debug|Any CPU.Build.0 = Debug|Any CPU
		{57E957FE-7208-404E-A54A-BCF81ECFC1C2}.Release|Any CPU.ActiveCfg = Release|Any CPU
		{57E957FE-7208-404E-A54A-BCF81ECFC1C2}.Release|Any CPU.Build.0 = Release|Any CPU
		{BE42FE62-CA36-4CA7-B9D9-4BE0ADF355A1}.Debug|Any CPU.ActiveCfg = Debug|Any CPU
		{BE42FE62-CA36-4CA7-B9D9-4BE0ADF355A1}.Debug|Any CPU.Build.0 = Debug|Any CPU
		{BE42FE62-CA36-4CA7-B9D9-4BE0ADF355A1}.Release|Any CPU.ActiveCfg = Release|Any CPU
		{BE42FE62-CA36-4CA7-B9D9-4BE0ADF355A1}.Release|Any CPU.Build.0 = Release|Any CPU
	EndGlobalSection
EndGlobal
